
Microsoft Visual Studio Solution File, Format Version 12.00
# Visual Studio 15
VisualStudioVersion = 15.0.28307.539
MinimumVisualStudioVersion = 10.0.40219.1
Project("{FAE04EC0-301F-11D3-BF4B-00C04F79EFBC}") = "Exercicio1", "Exercicio1\Exercicio1.csproj", "{E54B1237-75E3-47FA-8A67-252CEAA37D4A}"
EndProject
Global
	GlobalSection(SolutionConfigurationPlatforms) = preSolution
		Debug|Any CPU = Debug|Any CPU
		Release|Any CPU = Release|Any CPU
	EndGlobalSection
	GlobalSection(ProjectConfigurationPlatforms) = postSolution
		{E54B1237-75E3-47FA-8A67-252CEAA37D4A}.Debug|Any CPU.ActiveCfg = Debug|Any CPU
		{E54B1237-75E3-47FA-8A67-252CEAA37D4A}.Debug|Any CPU.Build.0 = Debug|Any CPU
		{E54B1237-75E3-47FA-8A67-252CEAA37D4A}.Release|Any CPU.ActiveCfg = Release|Any CPU
		{E54B1237-75E3-47FA-8A67-252CEAA37D4A}.Release|Any CPU.Build.0 = Release|Any CPU
	EndGlobalSection
	GlobalSection(SolutionProperties) = preSolution
		HideSolutionNode = FALSE
	EndGlobalSection
	GlobalSection(ExtensibilityGlobals) = postSolution
		SolutionGuid = {1D386936-0C7A-4A5C-865C-E89B5971DB73}
	EndGlobalSection
EndGlobal
